
Microsoft Visual Studio Solution File, Format Version 11.00
# Visual Studio 2010
Project("{FAE04EC0-301F-11D3-BF4B-00C04F79EFBC}") = "Unity.Rendering.Hybrid", "Unity.Rendering.Hybrid.csproj", "{b0f98371-3a60-b529-213a-533cb59d1eee}"
EndProject
Project("{FAE04EC0-301F-11D3-BF4B-00C04F79EFBC}") = "UnityEngine.TestRunner", "UnityEngine.TestRunner.csproj", "{cdf3f73a-c2a6-7beb-f3ce-89d0a69b9db5}"
EndProject
Project("{FAE04EC0-301F-11D3-BF4B-00C04F79EFBC}") = "Unity.PerformanceTesting", "Unity.PerformanceTesting.csproj", "{2198e7e3-5efb-aa54-3bbf-260a4b6ca82a}"
EndProject
Project("{FAE04EC0-301F-11D3-BF4B-00C04F79EFBC}") = "Unity.Collections", "Unity.Collections.csproj", "{a6125660-5047-3f17-392b-d5f25f81db44}"
EndProject
Project("{FAE04EC0-301F-11D3-BF4B-00C04F79EFBC}") = "Unity.Scenes.Hybrid", "Unity.Scenes.Hybrid.csproj", "{0f0b13ff-9b30-fa00-dbf4-0adae0b90df9}"
EndProject
Project("{FAE04EC0-301F-11D3-BF4B-00C04F79EFBC}") = "Unity.Entities.Hybrid", "Unity.Entities.Hybrid.csproj", "{6f555089-c19d-d694-ac02-ff7dca0e82ea}"
EndProject
Project("{FAE04EC0-301F-11D3-BF4B-00C04F79EFBC}") = "UnityEngine.UI", "UnityEngine.UI.csproj", "{236bff09-fbd9-427b-8bed-56b9466e6220}"
EndProject
Project("{FAE04EC0-301F-11D3-BF4B-00C04F79EFBC}") = "Unity.Properties", "Unity.Properties.csproj", "{12fa1c4e-65ac-a619-8738-bb050f20ccc1}"
EndProject
Project("{FAE04EC0-301F-11D3-BF4B-00C04F79EFBC}") = "Unity.Entities", "Unity.Entities.csproj", "{ba6add14-c721-0d99-8710-d626bb81641a}"
EndProject
Project("{FAE04EC0-301F-11D3-BF4B-00C04F79EFBC}") = "Unity.TextMeshPro", "Unity.TextMeshPro.csproj", "{04f3152d-4891-dcfc-ea05-1806ba4ea8fa}"
EndProject
Project("{FAE04EC0-301F-11D3-BF4B-00C04F79EFBC}") = "Unity.Timeline", "Unity.Timeline.csproj", "{2080e60d-1a35-f050-3f0d-39bf541629f0}"
EndProject
Project("{FAE04EC0-301F-11D3-BF4B-00C04F79EFBC}") = "Unity.Serialization", "Unity.Serialization.csproj", "{81254503-f24f-f743-3838-1715a2e96015}"
EndProject
Project("{FAE04EC0-301F-11D3-BF4B-00C04F79EFBC}") = "Assembly-CSharp", "Assembly-CSharp.csproj", "{51a50655-d024-fd3c-3b82-8416cd77e314}"
EndProject
Project("{FAE04EC0-301F-11D3-BF4B-00C04F79EFBC}") = "Unity.Mathematics", "Unity.Mathematics.csproj", "{b6edb76e-35fa-6293-89e6-318a2c9c2b20}"
EndProject
Project("{FAE04EC0-301F-11D3-BF4B-00C04F79EFBC}") = "Unity.Burst", "Unity.Burst.csproj", "{12613b6c-7ed6-e02a-cf20-6b6ef1bf3468}"
EndProject
Project("{FAE04EC0-301F-11D3-BF4B-00C04F79EFBC}") = "Unity.Properties.UI", "Unity.Properties.UI.csproj", "{31057fc1-9beb-64c3-6147-4dc820b84340}"
EndProject
Project("{FAE04EC0-301F-11D3-BF4B-00C04F79EFBC}") = "Unity.Transforms.Hybrid", "Unity.Transforms.Hybrid.csproj", "{f448a6f0-9af2-8833-92eb-0fad086c28f2}"
EndProject
Project("{FAE04EC0-301F-11D3-BF4B-00C04F79EFBC}") = "Unity.Transforms", "Unity.Transforms.csproj", "{8390fa05-85ca-04d3-fce0-730c6c5f5db4}"
EndProject
Project("{FAE04EC0-301F-11D3-BF4B-00C04F79EFBC}") = "Unity.Mathematics.Extensions.Hybrid", "Unity.Mathematics.Extensions.Hybrid.csproj", "{921cedfb-58b9-0fba-b1d0-bfdfbed15de2}"
EndProject
Project("{FAE04EC0-301F-11D3-BF4B-00C04F79EFBC}") = "Unity.Jobs", "Unity.Jobs.csproj", "{b84f3465-4c3a-4710-4fc3-8f617080f83d}"
EndProject
Project("{FAE04EC0-301F-11D3-BF4B-00C04F79EFBC}") = "Unity.Properties.Reflection", "Unity.Properties.Reflection.csproj", "{9b86ea84-a1a6-e27d-cb8f-a6a9b51cbddd}"
EndProject
Project("{FAE04EC0-301F-11D3-BF4B-00C04F79EFBC}") = "Unity.Mathematics.Extensions", "Unity.Mathematics.Extensions.csproj", "{58fbc00b-c583-0552-c482-332495e330cf}"
EndProject
Project("{FAE04EC0-301F-11D3-BF4B-00C04F79EFBC}") = "Unity.Platforms.Common", "Unity.Platforms.Common.csproj", "{04828e19-f1c3-c913-6e15-278f6a813480}"
EndProject
Project("{FAE04EC0-301F-11D3-BF4B-00C04F79EFBC}") = "Unity.ScriptableBuildPipeline", "Unity.ScriptableBuildPipeline.csproj", "{981cf6bc-cf2d-3823-3669-c902a10a747f}"
EndProject
Project("{FAE04EC0-301F-11D3-BF4B-00C04F79EFBC}") = "Unity.Deformations", "Unity.Deformations.csproj", "{69096fbd-fd82-3038-89c1-cb78ce15a96c}"
EndProject
Project("{FAE04EC0-301F-11D3-BF4B-00C04F79EFBC}") = "Unity.Build", "Unity.Build.csproj", "{445f1bfa-00f2-7ca4-0a8b-8fe3d6e56f46}"
EndProject
Project("{FAE04EC0-301F-11D3-BF4B-00C04F79EFBC}") = "Unity.TextMeshPro.Editor", "Unity.TextMeshPro.Editor.csproj", "{fab0734c-eae7-0797-7397-d4aed7f87470}"
EndProject
Project("{FAE04EC0-301F-11D3-BF4B-00C04F79EFBC}") = "Unity.Timeline.Editor", "Unity.Timeline.Editor.csproj", "{8b72e9a8-7f4f-b9e4-9623-c0c3bb8096ed}"
EndProject
Project("{FAE04EC0-301F-11D3-BF4B-00C04F79EFBC}") = "Unity.Properties.UI.Editor", "Unity.Properties.UI.Editor.csproj", "{b20f1806-76a9-b1af-1965-2ae8e51f1056}"
EndProject
Project("{FAE04EC0-301F-11D3-BF4B-00C04F79EFBC}") = "Unity.Entities.CodeGen", "Unity.Entities.CodeGen.csproj", "{17eb16c1-f7ef-913b-d573-c6b9ee6ae264}"
EndProject
Project("{FAE04EC0-301F-11D3-BF4B-00C04F79EFBC}") = "Unity.ScriptableBuildPipeline.Editor", "Unity.ScriptableBuildPipeline.Editor.csproj", "{d7367700-7c82-8b68-7485-26af13b59fb0}"
EndProject
Project("{FAE04EC0-301F-11D3-BF4B-00C04F79EFBC}") = "UnityEditor.TestRunner", "UnityEditor.TestRunner.csproj", "{191bc40e-1dfc-d9ad-6d5e-29bd31be474e}"
EndProject
Project("{FAE04EC0-301F-11D3-BF4B-00C04F79EFBC}") = "Unity.Scenes.Editor", "Unity.Scenes.Editor.csproj", "{ef0d5536-2ff7-3a00-1669-362cb9449cc5}"
EndProject
Project("{FAE04EC0-301F-11D3-BF4B-00C04F79EFBC}") = "Unity.Entities.CodeGen.Tests.TestTypes", "Unity.Entities.CodeGen.Tests.TestTypes.csproj", "{52db167b-b7d5-7310-5053-17fc3d9495a4}"
EndProject
Project("{FAE04EC0-301F-11D3-BF4B-00C04F79EFBC}") = "UnityEditor.UI", "UnityEditor.UI.csproj", "{dbf8503f-d397-49d6-248e-699cff981ee0}"
EndProject
Project("{FAE04EC0-301F-11D3-BF4B-00C04F79EFBC}") = "Unity.Entities.Editor", "Unity.Entities.Editor.csproj", "{578ecabb-bdb7-1de1-24b5-202d0115a228}"
EndProject
Project("{FAE04EC0-301F-11D3-BF4B-00C04F79EFBC}") = "Unity.Properties.CodeGen", "Unity.Properties.CodeGen.csproj", "{2f3c14c2-8a71-9e96-a6e2-bf2f2c13e1d2}"
EndProject
Project("{FAE04EC0-301F-11D3-BF4B-00C04F79EFBC}") = "Unity.Rider.Editor", "Unity.Rider.Editor.csproj", "{5033ae97-418f-748d-f1a9-ad3dd94972b4}"
EndProject
Project("{FAE04EC0-301F-11D3-BF4B-00C04F79EFBC}") = "Unity.PerformanceTesting.Editor", "Unity.PerformanceTesting.Editor.csproj", "{c5de4419-4847-1221-fa07-7b74b4b7802e}"
EndProject
Project("{FAE04EC0-301F-11D3-BF4B-00C04F79EFBC}") = "UnityEditor.CacheServer", "UnityEditor.CacheServer.csproj", "{3b1e6470-0a0d-8427-e267-8694d9a72b5b}"
EndProject
Project("{FAE04EC0-301F-11D3-BF4B-00C04F79EFBC}") = "Unity.Build.Classic.Private", "Unity.Build.Classic.Private.csproj", "{d1e6863b-cb96-e8ef-5436-5f37091a394d}"
EndProject
Project("{FAE04EC0-301F-11D3-BF4B-00C04F79EFBC}") = "Unity.Build.DotsRuntime", "Unity.Build.DotsRuntime.csproj", "{4f1afd34-a17b-ed05-c81b-acc901bcc7e2}"
EndProject
Project("{FAE04EC0-301F-11D3-BF4B-00C04F79EFBC}") = "Unity.Build.Editor", "Unity.Build.Editor.csproj", "{7abe5649-2db7-bcab-f60b-00e7a8212a05}"
EndProject
Project("{FAE04EC0-301F-11D3-BF4B-00C04F79EFBC}") = "Unity.CollabProxy.Editor", "Unity.CollabProxy.Editor.csproj", "{c6abe658-091d-60c8-bb74-107f6931795d}"
EndProject
Project("{FAE04EC0-301F-11D3-BF4B-00C04F79EFBC}") = "Unity.Platforms", "Unity.Platforms.csproj", "{1e429ffa-5409-a556-f161-b002fe1345a7}"
EndProject
Project("{FAE04EC0-301F-11D3-BF4B-00C04F79EFBC}") = "Unity.Build.Classic", "Unity.Build.Classic.csproj", "{d15d266a-d918-e744-d2b8-303bc0c3ee2c}"
EndProject
Project("{FAE04EC0-301F-11D3-BF4B-00C04F79EFBC}") = "Unity.Rendering.Hybrid.Editor", "Unity.Rendering.Hybrid.Editor.csproj", "{044cddc4-178b-138a-26c7-4453456423ce}"
EndProject
Project("{FAE04EC0-301F-11D3-BF4B-00C04F79EFBC}") = "Unity.VSCode.Editor", "Unity.VSCode.Editor.csproj", "{19f25ae0-d600-3a5e-0fa6-df120ebd52ef}"
EndProject
Project("{FAE04EC0-301F-11D3-BF4B-00C04F79EFBC}") = "Unity.Burst.Editor", "Unity.Burst.Editor.csproj", "{60eab5da-46eb-d39f-f352-300af7211956}"
EndProject
Project("{FAE04EC0-301F-11D3-BF4B-00C04F79EFBC}") = "Unity.Searcher.Editor", "Unity.Searcher.Editor.csproj", "{963dc051-fe4e-0eff-f58d-d6ee18982907}"
EndProject
Project("{FAE04EC0-301F-11D3-BF4B-00C04F79EFBC}") = "Unity.Entities.Hybrid.CodeGen", "Unity.Entities.Hybrid.CodeGen.csproj", "{14c6a29f-ac15-e750-8960-e62370cfc06e}"
EndProject
Project("{FAE04EC0-301F-11D3-BF4B-00C04F79EFBC}") = "Unity.Entities.BuildUtils", "Unity.Entities.BuildUtils.csproj", "{db797855-1bee-16b3-8843-67b085f2d25a}"
EndProject
Project("{FAE04EC0-301F-11D3-BF4B-00C04F79EFBC}") = "Unity.Build.Common", "Unity.Build.Common.csproj", "{32924e62-6bbf-de0e-3a56-8b70fd623e1d}"
EndProject
Project("{FAE04EC0-301F-11D3-BF4B-00C04F79EFBC}") = "Unity.Mathematics.Editor", "Unity.Mathematics.Editor.csproj", "{a6f3d51e-1421-2f27-9b88-aad5cfc94aed}"
EndProject
Project("{FAE04EC0-301F-11D3-BF4B-00C04F79EFBC}") = "Unity.Build.Internals", "Unity.Build.Internals.csproj", "{6b8b0396-40ad-43c6-2f2d-a372eab0e6c5}"
EndProject
Project("{FAE04EC0-301F-11D3-BF4B-00C04F79EFBC}") = "Unity.Serialization.Editor", "Unity.Serialization.Editor.csproj", "{dc83d4d5-1f46-1711-71ee-df6293f9aad9}"
EndProject
Project("{FAE04EC0-301F-11D3-BF4B-00C04F79EFBC}") = "Unity.Jobs.Editor", "Unity.Jobs.Editor.csproj", "{460113ef-f200-4528-116c-e47eed6ef3c4}"
EndProject
Project("{FAE04EC0-301F-11D3-BF4B-00C04F79EFBC}") = "Unity.Entities.Hybrid.EndToEnd.Tests", "Unity.Entities.Hybrid.EndToEnd.Tests.csproj", "{a4fa31c3-79c1-73ab-84ad-6c03db1515d9}"
EndProject
Project("{FAE04EC0-301F-11D3-BF4B-00C04F79EFBC}") = "Unity.Properties.Editor", "Unity.Properties.Editor.csproj", "{8cbeebcc-0fce-0b1d-4e1a-754ac4221b95}"
EndProject
Project("{FAE04EC0-301F-11D3-BF4B-00C04F79EFBC}") = "Unity.Transforms.Editor", "Unity.Transforms.Editor.csproj", "{7e62005e-4db3-e2c9-5888-d1f08a098407}"
EndProject
Project("{FAE04EC0-301F-11D3-BF4B-00C04F79EFBC}") = "Unity.InternalAPIEditorBridge.012", "Unity.InternalAPIEditorBridge.012.csproj", "{5c4d4cb0-dc2f-6078-95e4-5bfe70a79994}"
EndProject
Project("{FAE04EC0-301F-11D3-BF4B-00C04F79EFBC}") = "Assembly-CSharp-Editor", "Assembly-CSharp-Editor.csproj", "{b5d124b3-53a8-865d-f2a8-0c9542f0b5ee}"
EndProject
Global
	GlobalSection(SolutionConfigurationPlatforms) = preSolution
		Debug|Any CPU = Debug|Any CPU
	EndGlobalSection
	GlobalSection(ProjectConfigurationPlatforms) = postSolution
		{b0f98371-3a60-b529-213a-533cb59d1eee}.Debug|Any CPU.ActiveCfg = Debug|Any CPU
		{b0f98371-3a60-b529-213a-533cb59d1eee}.Debug|Any CPU.Build.0 = Debug|Any CPU
		{cdf3f73a-c2a6-7beb-f3ce-89d0a69b9db5}.Debug|Any CPU.ActiveCfg = Debug|Any CPU
		{cdf3f73a-c2a6-7beb-f3ce-89d0a69b9db5}.Debug|Any CPU.Build.0 = Debug|Any CPU
		{2198e7e3-5efb-aa54-3bbf-260a4b6ca82a}.Debug|Any CPU.ActiveCfg = Debug|Any CPU
		{2198e7e3-5efb-aa54-3bbf-260a4b6ca82a}.Debug|Any CPU.Build.0 = Debug|Any CPU
		{a6125660-5047-3f17-392b-d5f25f81db44}.Debug|Any CPU.ActiveCfg = Debug|Any CPU
		{a6125660-5047-3f17-392b-d5f25f81db44}.Debug|Any CPU.Build.0 = Debug|Any CPU
		{0f0b13ff-9b30-fa00-dbf4-0adae0b90df9}.Debug|Any CPU.ActiveCfg = Debug|Any CPU
		{0f0b13ff-9b30-fa00-dbf4-0adae0b90df9}.Debug|Any CPU.Build.0 = Debug|Any CPU
		{6f555089-c19d-d694-ac02-ff7dca0e82ea}.Debug|Any CPU.ActiveCfg = Debug|Any CPU
		{6f555089-c19d-d694-ac02-ff7dca0e82ea}.Debug|Any CPU.Build.0 = Debug|Any CPU
		{236bff09-fbd9-427b-8bed-56b9466e6220}.Debug|Any CPU.ActiveCfg = Debug|Any CPU
		{236bff09-fbd9-427b-8bed-56b9466e6220}.Debug|Any CPU.Build.0 = Debug|Any CPU
		{12fa1c4e-65ac-a619-8738-bb050f20ccc1}.Debug|Any CPU.ActiveCfg = Debug|Any CPU
		{12fa1c4e-65ac-a619-8738-bb050f20ccc1}.Debug|Any CPU.Build.0 = Debug|Any CPU
		{ba6add14-c721-0d99-8710-d626bb81641a}.Debug|Any CPU.ActiveCfg = Debug|Any CPU
		{ba6add14-c721-0d99-8710-d626bb81641a}.Debug|Any CPU.Build.0 = Debug|Any CPU
		{04f3152d-4891-dcfc-ea05-1806ba4ea8fa}.Debug|Any CPU.ActiveCfg = Debug|Any CPU
		{04f3152d-4891-dcfc-ea05-1806ba4ea8fa}.Debug|Any CPU.Build.0 = Debug|Any CPU
		{2080e60d-1a35-f050-3f0d-39bf541629f0}.Debug|Any CPU.ActiveCfg = Debug|Any CPU
		{2080e60d-1a35-f050-3f0d-39bf541629f0}.Debug|Any CPU.Build.0 = Debug|Any CPU
		{81254503-f24f-f743-3838-1715a2e96015}.Debug|Any CPU.ActiveCfg = Debug|Any CPU
		{81254503-f24f-f743-3838-1715a2e96015}.Debug|Any CPU.Build.0 = Debug|Any CPU
		{51a50655-d024-fd3c-3b82-8416cd77e314}.Debug|Any CPU.ActiveCfg = Debug|Any CPU
		{51a50655-d024-fd3c-3b82-8416cd77e314}.Debug|Any CPU.Build.0 = Debug|Any CPU
		{b6edb76e-35fa-6293-89e6-318a2c9c2b20}.Debug|Any CPU.ActiveCfg = Debug|Any CPU
		{b6edb76e-35fa-6293-89e6-318a2c9c2b20}.Debug|Any CPU.Build.0 = Debug|Any CPU
		{12613b6c-7ed6-e02a-cf20-6b6ef1bf3468}.Debug|Any CPU.ActiveCfg = Debug|Any CPU
		{12613b6c-7ed6-e02a-cf20-6b6ef1bf3468}.Debug|Any CPU.Build.0 = Debug|Any CPU
		{31057fc1-9beb-64c3-6147-4dc820b84340}.Debug|Any CPU.ActiveCfg = Debug|Any CPU
		{31057fc1-9beb-64c3-6147-4dc820b84340}.Debug|Any CPU.Build.0 = Debug|Any CPU
		{f448a6f0-9af2-8833-92eb-0fad086c28f2}.Debug|Any CPU.ActiveCfg = Debug|Any CPU
		{f448a6f0-9af2-8833-92eb-0fad086c28f2}.Debug|Any CPU.Build.0 = Debug|Any CPU
		{8390fa05-85ca-04d3-fce0-730c6c5f5db4}.Debug|Any CPU.ActiveCfg = Debug|Any CPU
		{8390fa05-85ca-04d3-fce0-730c6c5f5db4}.Debug|Any CPU.Build.0 = Debug|Any CPU
		{921cedfb-58b9-0fba-b1d0-bfdfbed15de2}.Debug|Any CPU.ActiveCfg = Debug|Any CPU
		{921cedfb-58b9-0fba-b1d0-bfdfbed15de2}.Debug|Any CPU.Build.0 = Debug|Any CPU
		{b84f3465-4c3a-4710-4fc3-8f617080f83d}.Debug|Any CPU.ActiveCfg = Debug|Any CPU
		{b84f3465-4c3a-4710-4fc3-8f617080f83d}.Debug|Any CPU.Build.0 = Debug|Any CPU
		{9b86ea84-a1a6-e27d-cb8f-a6a9b51cbddd}.Debug|Any CPU.ActiveCfg = Debug|Any CPU
		{9b86ea84-a1a6-e27d-cb8f-a6a9b51cbddd}.Debug|Any CPU.Build.0 = Debug|Any CPU
		{58fbc00b-c583-0552-c482-332495e330cf}.Debug|Any CPU.ActiveCfg = Debug|Any CPU
		{58fbc00b-c583-0552-c482-332495e330cf}.Debug|Any CPU.Build.0 = Debug|Any CPU
		{04828e19-f1c3-c913-6e15-278f6a813480}.Debug|Any CPU.ActiveCfg = Debug|Any CPU
		{04828e19-f1c3-c913-6e15-278f6a813480}.Debug|Any CPU.Build.0 = Debug|Any CPU
		{981cf6bc-cf2d-3823-3669-c902a10a747f}.Debug|Any CPU.ActiveCfg = Debug|Any CPU
		{981cf6bc-cf2d-3823-3669-c902a10a747f}.Debug|Any CPU.Build.0 = Debug|Any CPU
		{69096fbd-fd82-3038-89c1-cb78ce15a96c}.Debug|Any CPU.ActiveCfg = Debug|Any CPU
		{69096fbd-fd82-3038-89c1-cb78ce15a96c}.Debug|Any CPU.Build.0 = Debug|Any CPU
		{445f1bfa-00f2-7ca4-0a8b-8fe3d6e56f46}.Debug|Any CPU.ActiveCfg = Debug|Any CPU
		{445f1bfa-00f2-7ca4-0a8b-8fe3d6e56f46}.Debug|Any CPU.Build.0 = Debug|Any CPU
		{fab0734c-eae7-0797-7397-d4aed7f87470}.Debug|Any CPU.ActiveCfg = Debug|Any CPU
		{fab0734c-eae7-0797-7397-d4aed7f87470}.Debug|Any CPU.Build.0 = Debug|Any CPU
		{8b72e9a8-7f4f-b9e4-9623-c0c3bb8096ed}.Debug|Any CPU.ActiveCfg = Debug|Any CPU
		{8b72e9a8-7f4f-b9e4-9623-c0c3bb8096ed}.Debug|Any CPU.Build.0 = Debug|Any CPU
		{b20f1806-76a9-b1af-1965-2ae8e51f1056}.Debug|Any CPU.ActiveCfg = Debug|Any CPU
		{b20f1806-76a9-b1af-1965-2ae8e51f1056}.Debug|Any CPU.Build.0 = Debug|Any CPU
		{17eb16c1-f7ef-913b-d573-c6b9ee6ae264}.Debug|Any CPU.ActiveCfg = Debug|Any CPU
		{17eb16c1-f7ef-913b-d573-c6b9ee6ae264}.Debug|Any CPU.Build.0 = Debug|Any CPU
		{d7367700-7c82-8b68-7485-26af13b59fb0}.Debug|Any CPU.ActiveCfg = Debug|Any CPU
		{d7367700-7c82-8b68-7485-26af13b59fb0}.Debug|Any CPU.Build.0 = Debug|Any CPU
		{191bc40e-1dfc-d9ad-6d5e-29bd31be474e}.Debug|Any CPU.ActiveCfg = Debug|Any CPU
		{191bc40e-1dfc-d9ad-6d5e-29bd31be474e}.Debug|Any CPU.Build.0 = Debug|Any CPU
		{ef0d5536-2ff7-3a00-1669-362cb9449cc5}.Debug|Any CPU.ActiveCfg = Debug|Any CPU
		{ef0d5536-2ff7-3a00-1669-362cb9449cc5}.Debug|Any CPU.Build.0 = Debug|Any CPU
		{52db167b-b7d5-7310-5053-17fc3d9495a4}.Debug|Any CPU.ActiveCfg = Debug|Any CPU
		{52db167b-b7d5-7310-5053-17fc3d9495a4}.Debug|Any CPU.Build.0 = Debug|Any CPU
		{dbf8503f-d397-49d6-248e-699cff981ee0}.Debug|Any CPU.ActiveCfg = Debug|Any CPU
		{dbf8503f-d397-49d6-248e-699cff981ee0}.Debug|Any CPU.Build.0 = Debug|Any CPU
		{578ecabb-bdb7-1de1-24b5-202d0115a228}.Debug|Any CPU.ActiveCfg = Debug|Any CPU
		{578ecabb-bdb7-1de1-24b5-202d0115a228}.Debug|Any CPU.Build.0 = Debug|Any CPU
		{2f3c14c2-8a71-9e96-a6e2-bf2f2c13e1d2}.Debug|Any CPU.ActiveCfg = Debug|Any CPU
		{2f3c14c2-8a71-9e96-a6e2-bf2f2c13e1d2}.Debug|Any CPU.Build.0 = Debug|Any CPU
		{5033ae97-418f-748d-f1a9-ad3dd94972b4}.Debug|Any CPU.ActiveCfg = Debug|Any CPU
		{5033ae97-418f-748d-f1a9-ad3dd94972b4}.Debug|Any CPU.Build.0 = Debug|Any CPU
		{c5de4419-4847-1221-fa07-7b74b4b7802e}.Debug|Any CPU.ActiveCfg = Debug|Any CPU
		{c5de4419-4847-1221-fa07-7b74b4b7802e}.Debug|Any CPU.Build.0 = Debug|Any CPU
		{3b1e6470-0a0d-8427-e267-8694d9a72b5b}.Debug|Any CPU.ActiveCfg = Debug|Any CPU
		{3b1e6470-0a0d-8427-e267-8694d9a72b5b}.Debug|Any CPU.Build.0 = Debug|Any CPU
		{d1e6863b-cb96-e8ef-5436-5f37091a394d}.Debug|Any CPU.ActiveCfg = Debug|Any CPU
		{d1e6863b-cb96-e8ef-5436-5f37091a394d}.Debug|Any CPU.Build.0 = Debug|Any CPU
		{4f1afd34-a17b-ed05-c81b-acc901bcc7e2}.Debug|Any CPU.ActiveCfg = Debug|Any CPU
		{4f1afd34-a17b-ed05-c81b-acc901bcc7e2}.Debug|Any CPU.Build.0 = Debug|Any CPU
		{7abe5649-2db7-bcab-f60b-00e7a8212a05}.Debug|Any CPU.ActiveCfg = Debug|Any CPU
		{7abe5649-2db7-bcab-f60b-00e7a8212a05}.Debug|Any CPU.Build.0 = Debug|Any CPU
		{c6abe658-091d-60c8-bb74-107f6931795d}.Debug|Any CPU.ActiveCfg = Debug|Any CPU
		{c6abe658-091d-60c8-bb74-107f6931795d}.Debug|Any CPU.Build.0 = Debug|Any CPU
		{1e429ffa-5409-a556-f161-b002fe1345a7}.Debug|Any CPU.ActiveCfg = Debug|Any CPU
		{1e429ffa-5409-a556-f161-b002fe1345a7}.Debug|Any CPU.Build.0 = Debug|Any CPU
		{d15d266a-d918-e744-d2b8-303bc0c3ee2c}.Debug|Any CPU.ActiveCfg = Debug|Any CPU
		{d15d266a-d918-e744-d2b8-303bc0c3ee2c}.Debug|Any CPU.Build.0 = Debug|Any CPU
		{044cddc4-178b-138a-26c7-4453456423ce}.Debug|Any CPU.ActiveCfg = Debug|Any CPU
		{044cddc4-178b-138a-26c7-4453456423ce}.Debug|Any CPU.Build.0 = Debug|Any CPU
		{19f25ae0-d600-3a5e-0fa6-df120ebd52ef}.Debug|Any CPU.ActiveCfg = Debug|Any CPU
		{19f25ae0-d600-3a5e-0fa6-df120ebd52ef}.Debug|Any CPU.Build.0 = Debug|Any CPU
		{60eab5da-46eb-d39f-f352-300af7211956}.Debug|Any CPU.ActiveCfg = Debug|Any CPU
		{60eab5da-46eb-d39f-f352-300af7211956}.Debug|Any CPU.Build.0 = Debug|Any CPU
		{963dc051-fe4e-0eff-f58d-d6ee18982907}.Debug|Any CPU.ActiveCfg = Debug|Any CPU
		{963dc051-fe4e-0eff-f58d-d6ee18982907}.Debug|Any CPU.Build.0 = Debug|Any CPU
		{14c6a29f-ac15-e750-8960-e62370cfc06e}.Debug|Any CPU.ActiveCfg = Debug|Any CPU
		{14c6a29f-ac15-e750-8960-e62370cfc06e}.Debug|Any CPU.Build.0 = Debug|Any CPU
		{db797855-1bee-16b3-8843-67b085f2d25a}.Debug|Any CPU.ActiveCfg = Debug|Any CPU
		{db797855-1bee-16b3-8843-67b085f2d25a}.Debug|Any CPU.Build.0 = Debug|Any CPU
		{32924e62-6bbf-de0e-3a56-8b70fd623e1d}.Debug|Any CPU.ActiveCfg = Debug|Any CPU
		{32924e62-6bbf-de0e-3a56-8b70fd623e1d}.Debug|Any CPU.Build.0 = Debug|Any CPU
		{a6f3d51e-1421-2f27-9b88-aad5cfc94aed}.Debug|Any CPU.ActiveCfg = Debug|Any CPU
		{a6f3d51e-1421-2f27-9b88-aad5cfc94aed}.Debug|Any CPU.Build.0 = Debug|Any CPU
		{6b8b0396-40ad-43c6-2f2d-a372eab0e6c5}.Debug|Any CPU.ActiveCfg = Debug|Any CPU
		{6b8b0396-40ad-43c6-2f2d-a372eab0e6c5}.Debug|Any CPU.Build.0 = Debug|Any CPU
		{dc83d4d5-1f46-1711-71ee-df6293f9aad9}.Debug|Any CPU.ActiveCfg = Debug|Any CPU
		{dc83d4d5-1f46-1711-71ee-df6293f9aad9}.Debug|Any CPU.Build.0 = Debug|Any CPU
		{460113ef-f200-4528-116c-e47eed6ef3c4}.Debug|Any CPU.ActiveCfg = Debug|Any CPU
		{460113ef-f200-4528-116c-e47eed6ef3c4}.Debug|Any CPU.Build.0 = Debug|Any CPU
		{a4fa31c3-79c1-73ab-84ad-6c03db1515d9}.Debug|Any CPU.ActiveCfg = Debug|Any CPU
		{a4fa31c3-79c1-73ab-84ad-6c03db1515d9}.Debug|Any CPU.Build.0 = Debug|Any CPU
		{8cbeebcc-0fce-0b1d-4e1a-754ac4221b95}.Debug|Any CPU.ActiveCfg = Debug|Any CPU
		{8cbeebcc-0fce-0b1d-4e1a-754ac4221b95}.Debug|Any CPU.Build.0 = Debug|Any CPU
		{7e62005e-4db3-e2c9-5888-d1f08a098407}.Debug|Any CPU.ActiveCfg = Debug|Any CPU
		{7e62005e-4db3-e2c9-5888-d1f08a098407}.Debug|Any CPU.Build.0 = Debug|Any CPU
		{5c4d4cb0-dc2f-6078-95e4-5bfe70a79994}.Debug|Any CPU.ActiveCfg = Debug|Any CPU
		{5c4d4cb0-dc2f-6078-95e4-5bfe70a79994}.Debug|Any CPU.Build.0 = Debug|Any CPU
		{b5d124b3-53a8-865d-f2a8-0c9542f0b5ee}.Debug|Any CPU.ActiveCfg = Debug|Any CPU
		{b5d124b3-53a8-865d-f2a8-0c9542f0b5ee}.Debug|Any CPU.Build.0 = Debug|Any CPU
	EndGlobalSection
	GlobalSection(SolutionProperties) = preSolution
		HideSolutionNode = FALSE
	EndGlobalSection
EndGlobal
